# This file is automatically @generated by Cargo.
# It is not intended for manual editing.
version = 4

[[package]]
name = "circular-buffer"
version = "1.2.0"
source = "registry+https://github.com/rust-lang/crates.io-index"
checksum = "14c638459986b83c2b885179bd4ea6a2cbb05697b001501a56adb3a3d230803b"

[[package]]
name = "hex"
version = "0.4.3"
source = "registry+https://github.com/rust-lang/crates.io-index"
checksum = "7f24254aa9a54b5c858eaee2f5bccdb46aaf0e486a595ed5fd8f86ba55232a70"

[[package]]
name = "p16core-sim"
version = "0.1.0"
dependencies = [
 "circular-buffer",
 "hex",
]
